
Microsoft Visual Studio Solution File, Format Version 12.00
# Visual Studio Version 17
VisualStudioVersion = 17.8.34525.116
MinimumVisualStudioVersion = 10.0.40219.1
Project("{FAE04EC0-301F-11D3-BF4B-00C04F79EFBC}") = "WinSite", "WinSite\WinSite.csproj", "{2FB01DBF-4DD8-4C1C-89B4-B4391192F981}"
EndProject
Global
	GlobalSection(SolutionConfigurationPlatforms) = preSolution
		Debug|Any CPU = Debug|Any CPU
		Release|Any CPU = Release|Any CPU
	EndGlobalSection
	GlobalSection(ProjectConfigurationPlatforms) = postSolution
		{2FB01DBF-4DD8-4C1C-89B4-B4391192F981}.Debug|Any CPU.ActiveCfg = Debug|Any CPU
		{2FB01DBF-4DD8-4C1C-89B4-B4391192F981}.Debug|Any CPU.Build.0 = Debug|Any CPU
		{2FB01DBF-4DD8-4C1C-89B4-B4391192F981}.Release|Any CPU.ActiveCfg = Release|Any CPU
		{2FB01DBF-4DD8-4C1C-89B4-B4391192F981}.Release|Any CPU.Build.0 = Release|Any CPU
	EndGlobalSection
	GlobalSection(SolutionProperties) = preSolution
		HideSolutionNode = FALSE
	EndGlobalSection
	GlobalSection(ExtensibilityGlobals) = postSolution
		SolutionGuid = {B02737ED-4532-433F-AAB6-6B806B13DA5A}
	EndGlobalSection
EndGlobal
